<?xml version="1.0" encoding="UTF-8"?>
<!DOCTYPE plist PUBLIC "-//Apple//DTD PLIST 1.0//EN" "http://www.apple.com/DTDs/PropertyList-1.0.dtd">
<plist version="1.0">
<dict>
	<key>archiveVersion</key>
	<string>1</string>
	<key>classes</key>
	<dict/>
	<key>objectVersion</key>
	<string>46</string>
	<key>objects</key>
	<dict>
		<key>111A5D391C3C02A30080522C</key>
		<dict>
			<key>children</key>
			<array>
				<string>111A5D3A1C3C02C30080522C</string>
				<string>111A5D3B1C3C02C30080522C</string>
				<string>111A5D3C1C3C02C30080522C</string>
				<string>111A5D3D1C3C02C30080522C</string>
				<string>111A5D3E1C3C02C30080522C</string>
			</array>
			<key>isa</key>
			<string>PBXGroup</string>
			<key>name</key>
			<string>Fonts</string>
			<key>path</key>
			<string>..</string>
			<key>sourceTree</key>
			<string>&lt;group&gt;</string>
		</dict>
		<key>111A5D3A1C3C02C30080522C</key>
		<dict>
			<key>isa</key>
			<string>PBXFileReference</string>
			<key>lastKnownFileType</key>
			<string>file</string>
			<key>path</key>
			<string>ProximaNova-Bold.otf</string>
			<key>sourceTree</key>
			<string>&lt;group&gt;</string>
		</dict>
		<key>111A5D3B1C3C02C30080522C</key>
		<dict>
			<key>isa</key>
			<string>PBXFileReference</string>
			<key>lastKnownFileType</key>
			<string>file</string>
			<key>path</key>
			<string>ProximaNova-Light.otf</string>
			<key>sourceTree</key>
			<string>&lt;group&gt;</string>
		</dict>
		<key>111A5D3C1C3C02C30080522C</key>
		<dict>
			<key>isa</key>
			<string>PBXFileReference</string>
			<key>lastKnownFileType</key>
			<string>file</string>
			<key>path</key>
			<string>ProximaNova-Regular.otf</string>
			<key>sourceTree</key>
			<string>&lt;group&gt;</string>
		</dict>
		<key>111A5D3D1C3C02C30080522C</key>
		<dict>
			<key>isa</key>
			<string>PBXFileReference</string>
			<key>lastKnownFileType</key>
			<string>file</string>
			<key>path</key>
			<string>ProximaNova-Semibold.otf</string>
			<key>sourceTree</key>
			<string>&lt;group&gt;</string>
		</dict>
		<key>111A5D3E1C3C02C30080522C</key>
		<dict>
			<key>isa</key>
			<string>PBXFileReference</string>
			<key>lastKnownFileType</key>
			<string>file</string>
			<key>path</key>
			<string>ProximaNova-Thin.otf</string>
			<key>sourceTree</key>
			<string>&lt;group&gt;</string>
		</dict>
		<key>111A5D3F1C3C2C640080522C</key>
		<dict>
			<key>fileEncoding</key>
			<string>4</string>
			<key>isa</key>
			<string>PBXFileReference</string>
			<key>lastKnownFileType</key>
			<string>sourcecode.swift</string>
			<key>path</key>
			<string>DashboardViewController.swift</string>
			<key>sourceTree</key>
			<string>&lt;group&gt;</string>
		</dict>
		<key>111A5D401C3C2C640080522C</key>
		<dict>
			<key>fileRef</key>
			<string>111A5D3F1C3C2C640080522C</string>
			<key>isa</key>
			<string>PBXBuildFile</string>
		</dict>
		<key>111A5D411C3C2C6D0080522C</key>
		<dict>
			<key>children</key>
			<array>
				<string>11A63C751C317E8F0010CCCB</string>
				<string>11A63CAD1C3181B80010CCCB</string>
				<string>111A5D3F1C3C2C640080522C</string>
				<string>11C844391C450E5800557CBA</string>
				<string>E7DCE9641C983E4F009F79BF</string>
				<string>11C8443B1C450E8C00557CBA</string>
				<string>E78553411C558AB2007C5343</string>
				<string>E72265DE1C584E3200056729</string>
				<string>E724D7751CBD317E0053DDAB</string>
			</array>
			<key>isa</key>
			<string>PBXGroup</string>
			<key>name</key>
			<string>ViewControllers</string>
			<key>sourceTree</key>
			<string>&lt;group&gt;</string>
		</dict>
		<key>111A5D421C3C30F40080522C</key>
		<dict>
			<key>fileRef</key>
			<string>111A5D3A1C3C02C30080522C</string>
			<key>isa</key>
			<string>PBXBuildFile</string>
		</dict>
		<key>111A5D431C3C30F40080522C</key>
		<dict>
			<key>fileRef</key>
			<string>111A5D3B1C3C02C30080522C</string>
			<key>isa</key>
			<string>PBXBuildFile</string>
		</dict>
		<key>111A5D441C3C30F40080522C</key>
		<dict>
			<key>fileRef</key>
			<string>111A5D3C1C3C02C30080522C</string>
			<key>isa</key>
			<string>PBXBuildFile</string>
		</dict>
		<key>111A5D451C3C30F40080522C</key>
		<dict>
			<key>fileRef</key>
			<string>111A5D3D1C3C02C30080522C</string>
			<key>isa</key>
			<string>PBXBuildFile</string>
		</dict>
		<key>111A5D461C3C30F40080522C</key>
		<dict>
			<key>fileRef</key>
			<string>111A5D3E1C3C02C30080522C</string>
			<key>isa</key>
			<string>PBXBuildFile</string>
		</dict>
		<key>11A63C671C317E8F0010CCCB</key>
		<dict>
			<key>children</key>
			<array>
				<string>11A71D081C3D22AB00E2AD88</string>
				<string>11A63CA41C317EA00010CCCB</string>
				<string>11A63C721C317E8F0010CCCB</string>
				<string>11A63C8A1C317E8F0010CCCB</string>
				<string>11A63C951C317E8F0010CCCB</string>
				<string>11A63C711C317E8F0010CCCB</string>
				<string>79427DDB9AA36B9DFE8785DC</string>
			</array>
			<key>isa</key>
			<string>PBXGroup</string>
			<key>sourceTree</key>
			<string>&lt;group&gt;</string>
		</dict>
		<key>11A63C681C317E8F0010CCCB</key>
		<dict>
			<key>attributes</key>
			<dict>
				<key>LastSwiftUpdateCheck</key>
				<string>0720</string>
				<key>LastUpgradeCheck</key>
				<string>0720</string>
				<key>ORGANIZATIONNAME</key>
				<string>Rudy Rosciglione</string>
				<key>TargetAttributes</key>
				<dict>
					<key>11A63C6F1C317E8F0010CCCB</key>
					<dict>
						<key>CreatedOnToolsVersion</key>
						<string>7.2</string>
						<key>DevelopmentTeam</key>
						<string>E5K76XCPJE</string>
					</dict>
					<key>11A63C861C317E8F0010CCCB</key>
					<dict>
						<key>CreatedOnToolsVersion</key>
						<string>7.2</string>
						<key>DevelopmentTeam</key>
						<string>9689ADQMZP</string>
						<key>TestTargetID</key>
						<string>11A63C6F1C317E8F0010CCCB</string>
					</dict>
					<key>11A63C911C317E8F0010CCCB</key>
					<dict>
						<key>CreatedOnToolsVersion</key>
						<string>7.2</string>
						<key>DevelopmentTeam</key>
						<string>9689ADQMZP</string>
						<key>TestTargetID</key>
						<string>11A63C6F1C317E8F0010CCCB</string>
					</dict>
				</dict>
			</dict>
			<key>buildConfigurationList</key>
			<string>11A63C6B1C317E8F0010CCCB</string>
			<key>compatibilityVersion</key>
			<string>Xcode 3.2</string>
			<key>developmentRegion</key>
			<string>English</string>
			<key>hasScannedForEncodings</key>
			<string>0</string>
			<key>isa</key>
			<string>PBXProject</string>
			<key>knownRegions</key>
			<array>
				<string>en</string>
				<string>Base</string>
			</array>
			<key>mainGroup</key>
			<string>11A63C671C317E8F0010CCCB</string>
			<key>productRefGroup</key>
			<string>11A63C711C317E8F0010CCCB</string>
			<key>projectDirPath</key>
			<string></string>
			<key>projectReferences</key>
			<array/>
			<key>projectRoot</key>
			<string></string>
			<key>targets</key>
			<array>
				<string>11A63C6F1C317E8F0010CCCB</string>
				<string>11A63C861C317E8F0010CCCB</string>
				<string>11A63C911C317E8F0010CCCB</string>
			</array>
		</dict>
		<key>11A63C6B1C317E8F0010CCCB</key>
		<dict>
			<key>buildConfigurations</key>
			<array>
				<string>11A63C991C317E8F0010CCCB</string>
				<string>11A63C9A1C317E8F0010CCCB</string>
			</array>
			<key>defaultConfigurationIsVisible</key>
			<string>0</string>
			<key>defaultConfigurationName</key>
			<string>Release</string>
			<key>isa</key>
			<string>XCConfigurationList</string>
		</dict>
		<key>11A63C6C1C317E8F0010CCCB</key>
		<dict>
			<key>buildActionMask</key>
			<string>2147483647</string>
			<key>files</key>
			<array>
				<string>E72265DF1C584E3200056729</string>
				<string>11A63CAE1C3181B80010CCCB</string>
				<string>11F167421C32DB6F0033D1E3</string>
				<string>11F1674C1C32DB6F0033D1E3</string>
				<string>11F167571C32DB6F0033D1E3</string>
				<string>E724D7761CBD317E0053DDAB</string>
				<string>11F1673F1C32DB6F0033D1E3</string>
				<string>11F167481C32DB6F0033D1E3</string>
				<string>11F1675B1C32DB6F0033D1E3</string>
				<string>11F167551C32DB6F0033D1E3</string>
				<string>E724D7741CBD316A0053DDAB</string>
				<string>11A63C761C317E8F0010CCCB</string>
				<string>11F167411C32DB6F0033D1E3</string>
				<string>11F167521C32DB6F0033D1E3</string>
				<string>11F1674A1C32DB6F0033D1E3</string>
				<string>11F167561C32DB6F0033D1E3</string>
				<string>E795119B1C88672800ECA35B</string>
				<string>11A63C741C317E8F0010CCCB</string>
				<string>E7B013CC1C6058680084ECAA</string>
				<string>11F167441C32DB6F0033D1E3</string>
				<string>11F167501C32DB6F0033D1E3</string>
				<string>11F1674F1C32DB6F0033D1E3</string>
				<string>11F167491C32DB6F0033D1E3</string>
				<string>11F167581C32DB6F0033D1E3</string>
				<string>11C8443A1C450E5800557CBA</string>
				<string>E75ADFED1CBFE563003C7FA2</string>
				<string>11A63C7C1C317E8F0010CCCB</string>
				<string>11C8443C1C450E8C00557CBA</string>
				<string>E7DCE9651C983E4F009F79BF</string>
				<string>11F167401C32DB6F0033D1E3</string>
				<string>E72D5F251C545F1E00F97FDB</string>
				<string>E7CD4CB31C59E77800D4255E</string>
				<string>11F167431C32DB6F0033D1E3</string>
				<string>E7B013C61C6051B10084ECAA</string>
				<string>11F1675A1C32DB6F0033D1E3</string>
				<string>11F167541C32DB6F0033D1E3</string>
				<string>11F167531C32DB6F0033D1E3</string>
				<string>11F167461C32DB6F0033D1E3</string>
				<string>E78553421C558AB2007C5343</string>
				<string>11F167451C32DB6F0033D1E3</string>
				<string>11F167591C32DB6F0033D1E3</string>
				<string>11F167471C32DB6F0033D1E3</string>
				<string>11F1674D1C32DB6F0033D1E3</string>
				<string>11F167511C32DB6F0033D1E3</string>
				<string>111A5D401C3C2C640080522C</string>
			</array>
			<key>isa</key>
			<string>PBXSourcesBuildPhase</string>
			<key>runOnlyForDeploymentPostprocessing</key>
			<string>0</string>
		</dict>
		<key>11A63C6D1C317E8F0010CCCB</key>
		<dict>
			<key>buildActionMask</key>
			<string>2147483647</string>
			<key>files</key>
			<array>
				<string>E72E9A6B1C8B3A0D00FEF199</string>
				<string>E795119F1C88679C00ECA35B</string>
				<string>11A63CA81C317F280010CCCB</string>
				<string>E749EF741CE23B8B00ACB625</string>
				<string>6AC09D9EA3E896BCC5A90B21</string>
			</array>
			<key>isa</key>
			<string>PBXFrameworksBuildPhase</string>
			<key>runOnlyForDeploymentPostprocessing</key>
			<string>0</string>
		</dict>
		<key>11A63C6E1C317E8F0010CCCB</key>
		<dict>
			<key>buildActionMask</key>
			<string>2147483647</string>
			<key>files</key>
			<array>
				<string>111A5D421C3C30F40080522C</string>
				<string>111A5D431C3C30F40080522C</string>
				<string>111A5D441C3C30F40080522C</string>
				<string>111A5D451C3C30F40080522C</string>
				<string>111A5D461C3C30F40080522C</string>
				<string>E7B013CA1C6055BB0084ECAA</string>
				<string>11F1674B1C32DB6F0033D1E3</string>
				<string>11A63C811C317E8F0010CCCB</string>
				<string>11A63C7E1C317E8F0010CCCB</string>
				<string>11A63C791C317E8F0010CCCB</string>
				<string>11F1674E1C32DB6F0033D1E3</string>
				<string>E795119D1C88673D00ECA35B</string>
			</array>
			<key>isa</key>
			<string>PBXResourcesBuildPhase</string>
			<key>runOnlyForDeploymentPostprocessing</key>
			<string>0</string>
		</dict>
		<key>11A63C6F1C317E8F0010CCCB</key>
		<dict>
			<key>buildConfigurationList</key>
			<string>11A63C9B1C317E8F0010CCCB</string>
			<key>buildPhases</key>
			<array>
				<string>C9A04E662D19BAD25A0F3469</string>
				<string>11A63C6C1C317E8F0010CCCB</string>
				<string>11A63C6D1C317E8F0010CCCB</string>
				<string>11A63C6E1C317E8F0010CCCB</string>
				<string>EBB7F0472711D53CBAF97EE1</string>
				<string>88DC944246F02E9A47F9ABC7</string>
			</array>
			<key>buildRules</key>
			<array/>
			<key>dependencies</key>
			<array/>
			<key>isa</key>
			<string>PBXNativeTarget</string>
			<key>name</key>
			<string>Pancake</string>
			<key>productName</key>
			<string>Pancake</string>
			<key>productReference</key>
			<string>11A63C701C317E8F0010CCCB</string>
			<key>productType</key>
			<string>com.apple.product-type.application</string>
		</dict>
		<key>11A63C701C317E8F0010CCCB</key>
		<dict>
			<key>explicitFileType</key>
			<string>wrapper.application</string>
			<key>includeInIndex</key>
			<string>0</string>
			<key>isa</key>
			<string>PBXFileReference</string>
			<key>path</key>
			<string>Pancake.app</string>
			<key>sourceTree</key>
			<string>BUILT_PRODUCTS_DIR</string>
		</dict>
		<key>11A63C711C317E8F0010CCCB</key>
		<dict>
			<key>children</key>
			<array>
				<string>11A63C701C317E8F0010CCCB</string>
				<string>11A63C871C317E8F0010CCCB</string>
				<string>11A63C921C317E8F0010CCCB</string>
			</array>
			<key>isa</key>
			<string>PBXGroup</string>
			<key>name</key>
			<string>Products</string>
			<key>sourceTree</key>
			<string>&lt;group&gt;</string>
		</dict>
		<key>11A63C721C317E8F0010CCCB</key>
		<dict>
			<key>children</key>
			<array>
				<string>11F167201C32DB6F0033D1E3</string>
				<string>11A63C731C317E8F0010CCCB</string>
				<string>E765A5731C62F700000AF222</string>
				<string>111A5D411C3C2C6D0080522C</string>
				<string>E765A5721C62F6A5000AF222</string>
				<string>E72D5F261C545F2D00F97FDB</string>
				<string>111A5D391C3C02A30080522C</string>
				<string>11A63C7D1C317E8F0010CCCB</string>
				<string>11A63C821C317E8F0010CCCB</string>
				<string>11A63C7A1C317E8F0010CCCB</string>
				<string>11A63CA91C3180560010CCCB</string>
			</array>
			<key>isa</key>
			<string>PBXGroup</string>
			<key>path</key>
			<string>Pancake</string>
			<key>sourceTree</key>
			<string>&lt;group&gt;</string>
		</dict>
		<key>11A63C731C317E8F0010CCCB</key>
		<dict>
			<key>isa</key>
			<string>PBXFileReference</string>
			<key>lastKnownFileType</key>
			<string>sourcecode.swift</string>
			<key>path</key>
			<string>AppDelegate.swift</string>
			<key>sourceTree</key>
			<string>&lt;group&gt;</string>
		</dict>
		<key>11A63C741C317E8F0010CCCB</key>
		<dict>
			<key>fileRef</key>
			<string>11A63C731C317E8F0010CCCB</string>
			<key>isa</key>
			<string>PBXBuildFile</string>
		</dict>
		<key>11A63C751C317E8F0010CCCB</key>
		<dict>
			<key>isa</key>
			<string>PBXFileReference</string>
			<key>lastKnownFileType</key>
			<string>sourcecode.swift</string>
			<key>path</key>
			<string>ViewController.swift</string>
			<key>sourceTree</key>
			<string>&lt;group&gt;</string>
		</dict>
		<key>11A63C761C317E8F0010CCCB</key>
		<dict>
			<key>fileRef</key>
			<string>11A63C751C317E8F0010CCCB</string>
			<key>isa</key>
			<string>PBXBuildFile</string>
		</dict>
		<key>11A63C771C317E8F0010CCCB</key>
		<dict>
			<key>children</key>
			<array>
				<string>11A63C781C317E8F0010CCCB</string>
			</array>
			<key>isa</key>
			<string>PBXVariantGroup</string>
			<key>name</key>
			<string>Main.storyboard</string>
			<key>sourceTree</key>
			<string>&lt;group&gt;</string>
		</dict>
		<key>11A63C781C317E8F0010CCCB</key>
		<dict>
			<key>isa</key>
			<string>PBXFileReference</string>
			<key>lastKnownFileType</key>
			<string>file.storyboard</string>
			<key>name</key>
			<string>Base</string>
			<key>path</key>
			<string>Base.lproj/Main.storyboard</string>
			<key>sourceTree</key>
			<string>&lt;group&gt;</string>
		</dict>
		<key>11A63C791C317E8F0010CCCB</key>
		<dict>
			<key>fileRef</key>
			<string>11A63C771C317E8F0010CCCB</string>
			<key>isa</key>
			<string>PBXBuildFile</string>
		</dict>
		<key>11A63C7A1C317E8F0010CCCB</key>
		<dict>
			<key>children</key>
			<array>
				<string>E765A5711C62D323000AF222</string>
				<string>11A63C7B1C317E8F0010CCCB</string>
			</array>
			<key>currentVersion</key>
			<string>11A63C7B1C317E8F0010CCCB</string>
			<key>isa</key>
			<string>XCVersionGroup</string>
			<key>path</key>
			<string>Pancake.xcdatamodeld</string>
			<key>sourceTree</key>
			<string>&lt;group&gt;</string>
			<key>versionGroupType</key>
			<string>wrapper.xcdatamodel</string>
		</dict>
		<key>11A63C7B1C317E8F0010CCCB</key>
		<dict>
			<key>isa</key>
			<string>PBXFileReference</string>
			<key>lastKnownFileType</key>
			<string>wrapper.xcdatamodel</string>
			<key>path</key>
			<string>Pancake.xcdatamodel</string>
			<key>sourceTree</key>
			<string>&lt;group&gt;</string>
		</dict>
		<key>11A63C7C1C317E8F0010CCCB</key>
		<dict>
			<key>fileRef</key>
			<string>11A63C7A1C317E8F0010CCCB</string>
			<key>isa</key>
			<string>PBXBuildFile</string>
		</dict>
		<key>11A63C7D1C317E8F0010CCCB</key>
		<dict>
			<key>isa</key>
			<string>PBXFileReference</string>
			<key>lastKnownFileType</key>
			<string>folder.assetcatalog</string>
			<key>path</key>
			<string>Assets.xcassets</string>
			<key>sourceTree</key>
			<string>&lt;group&gt;</string>
		</dict>
		<key>11A63C7E1C317E8F0010CCCB</key>
		<dict>
			<key>fileRef</key>
			<string>11A63C7D1C317E8F0010CCCB</string>
			<key>isa</key>
			<string>PBXBuildFile</string>
		</dict>
		<key>11A63C7F1C317E8F0010CCCB</key>
		<dict>
			<key>children</key>
			<array>
				<string>11A63C801C317E8F0010CCCB</string>
			</array>
			<key>isa</key>
			<string>PBXVariantGroup</string>
			<key>name</key>
			<string>LaunchScreen.storyboard</string>
			<key>sourceTree</key>
			<string>&lt;group&gt;</string>
		</dict>
		<key>11A63C801C317E8F0010CCCB</key>
		<dict>
			<key>isa</key>
			<string>PBXFileReference</string>
			<key>lastKnownFileType</key>
			<string>file.storyboard</string>
			<key>name</key>
			<string>Base</string>
			<key>path</key>
			<string>Base.lproj/LaunchScreen.storyboard</string>
			<key>sourceTree</key>
			<string>&lt;group&gt;</string>
		</dict>
		<key>11A63C811C317E8F0010CCCB</key>
		<dict>
			<key>fileRef</key>
			<string>11A63C7F1C317E8F0010CCCB</string>
			<key>isa</key>
			<string>PBXBuildFile</string>
		</dict>
		<key>11A63C821C317E8F0010CCCB</key>
		<dict>
			<key>isa</key>
			<string>PBXFileReference</string>
			<key>lastKnownFileType</key>
			<string>text.plist.xml</string>
			<key>path</key>
			<string>Info.plist</string>
			<key>sourceTree</key>
			<string>&lt;group&gt;</string>
		</dict>
		<key>11A63C831C317E8F0010CCCB</key>
		<dict>
			<key>buildActionMask</key>
			<string>2147483647</string>
			<key>files</key>
			<array>
				<string>11A63C8C1C317E8F0010CCCB</string>
			</array>
			<key>isa</key>
			<string>PBXSourcesBuildPhase</string>
			<key>runOnlyForDeploymentPostprocessing</key>
			<string>0</string>
		</dict>
		<key>11A63C841C317E8F0010CCCB</key>
		<dict>
			<key>buildActionMask</key>
			<string>2147483647</string>
			<key>files</key>
			<array/>
			<key>isa</key>
			<string>PBXFrameworksBuildPhase</string>
			<key>runOnlyForDeploymentPostprocessing</key>
			<string>0</string>
		</dict>
		<key>11A63C851C317E8F0010CCCB</key>
		<dict>
			<key>buildActionMask</key>
			<string>2147483647</string>
			<key>files</key>
			<array/>
			<key>isa</key>
			<string>PBXResourcesBuildPhase</string>
			<key>runOnlyForDeploymentPostprocessing</key>
			<string>0</string>
		</dict>
		<key>11A63C861C317E8F0010CCCB</key>
		<dict>
			<key>buildConfigurationList</key>
			<string>11A63C9E1C317E8F0010CCCB</string>
			<key>buildPhases</key>
			<array>
				<string>11A63C831C317E8F0010CCCB</string>
				<string>11A63C841C317E8F0010CCCB</string>
				<string>11A63C851C317E8F0010CCCB</string>
			</array>
			<key>buildRules</key>
			<array/>
			<key>dependencies</key>
			<array>
				<string>11A63C891C317E8F0010CCCB</string>
			</array>
			<key>isa</key>
			<string>PBXNativeTarget</string>
			<key>name</key>
			<string>PancakeTests</string>
			<key>productName</key>
			<string>PancakeTests</string>
			<key>productReference</key>
			<string>11A63C871C317E8F0010CCCB</string>
			<key>productType</key>
			<string>com.apple.product-type.bundle.unit-test</string>
		</dict>
		<key>11A63C871C317E8F0010CCCB</key>
		<dict>
			<key>explicitFileType</key>
			<string>wrapper.cfbundle</string>
			<key>includeInIndex</key>
			<string>0</string>
			<key>isa</key>
			<string>PBXFileReference</string>
			<key>path</key>
			<string>PancakeTests.xctest</string>
			<key>sourceTree</key>
			<string>BUILT_PRODUCTS_DIR</string>
		</dict>
		<key>11A63C881C317E8F0010CCCB</key>
		<dict>
			<key>containerPortal</key>
			<string>11A63C681C317E8F0010CCCB</string>
			<key>isa</key>
			<string>PBXContainerItemProxy</string>
			<key>proxyType</key>
			<string>1</string>
			<key>remoteGlobalIDString</key>
			<string>11A63C6F1C317E8F0010CCCB</string>
			<key>remoteInfo</key>
			<string>Pancake</string>
		</dict>
		<key>11A63C891C317E8F0010CCCB</key>
		<dict>
			<key>isa</key>
			<string>PBXTargetDependency</string>
			<key>target</key>
			<string>11A63C6F1C317E8F0010CCCB</string>
			<key>targetProxy</key>
			<string>11A63C881C317E8F0010CCCB</string>
		</dict>
		<key>11A63C8A1C317E8F0010CCCB</key>
		<dict>
			<key>children</key>
			<array>
				<string>11A63C8B1C317E8F0010CCCB</string>
				<string>11A63C8D1C317E8F0010CCCB</string>
			</array>
			<key>isa</key>
			<string>PBXGroup</string>
			<key>path</key>
			<string>PancakeTests</string>
			<key>sourceTree</key>
			<string>&lt;group&gt;</string>
		</dict>
		<key>11A63C8B1C317E8F0010CCCB</key>
		<dict>
			<key>isa</key>
			<string>PBXFileReference</string>
			<key>lastKnownFileType</key>
			<string>sourcecode.swift</string>
			<key>path</key>
			<string>PancakeTests.swift</string>
			<key>sourceTree</key>
			<string>&lt;group&gt;</string>
		</dict>
		<key>11A63C8C1C317E8F0010CCCB</key>
		<dict>
			<key>fileRef</key>
			<string>11A63C8B1C317E8F0010CCCB</string>
			<key>isa</key>
			<string>PBXBuildFile</string>
		</dict>
		<key>11A63C8D1C317E8F0010CCCB</key>
		<dict>
			<key>isa</key>
			<string>PBXFileReference</string>
			<key>lastKnownFileType</key>
			<string>text.plist.xml</string>
			<key>path</key>
			<string>Info.plist</string>
			<key>sourceTree</key>
			<string>&lt;group&gt;</string>
		</dict>
		<key>11A63C8E1C317E8F0010CCCB</key>
		<dict>
			<key>buildActionMask</key>
			<string>2147483647</string>
			<key>files</key>
			<array>
				<string>11A63C971C317E8F0010CCCB</string>
			</array>
			<key>isa</key>
			<string>PBXSourcesBuildPhase</string>
			<key>runOnlyForDeploymentPostprocessing</key>
			<string>0</string>
		</dict>
		<key>11A63C8F1C317E8F0010CCCB</key>
		<dict>
			<key>buildActionMask</key>
			<string>2147483647</string>
			<key>files</key>
			<array/>
			<key>isa</key>
			<string>PBXFrameworksBuildPhase</string>
			<key>runOnlyForDeploymentPostprocessing</key>
			<string>0</string>
		</dict>
		<key>11A63C901C317E8F0010CCCB</key>
		<dict>
			<key>buildActionMask</key>
			<string>2147483647</string>
			<key>files</key>
			<array/>
			<key>isa</key>
			<string>PBXResourcesBuildPhase</string>
			<key>runOnlyForDeploymentPostprocessing</key>
			<string>0</string>
		</dict>
		<key>11A63C911C317E8F0010CCCB</key>
		<dict>
			<key>buildConfigurationList</key>
			<string>11A63CA11C317E8F0010CCCB</string>
			<key>buildPhases</key>
			<array>
				<string>11A63C8E1C317E8F0010CCCB</string>
				<string>11A63C8F1C317E8F0010CCCB</string>
				<string>11A63C901C317E8F0010CCCB</string>
			</array>
			<key>buildRules</key>
			<array/>
			<key>dependencies</key>
			<array>
				<string>11A63C941C317E8F0010CCCB</string>
			</array>
			<key>isa</key>
			<string>PBXNativeTarget</string>
			<key>name</key>
			<string>PancakeUITests</string>
			<key>productName</key>
			<string>PancakeUITests</string>
			<key>productReference</key>
			<string>11A63C921C317E8F0010CCCB</string>
			<key>productType</key>
			<string>com.apple.product-type.bundle.ui-testing</string>
		</dict>
		<key>11A63C921C317E8F0010CCCB</key>
		<dict>
			<key>explicitFileType</key>
			<string>wrapper.cfbundle</string>
			<key>includeInIndex</key>
			<string>0</string>
			<key>isa</key>
			<string>PBXFileReference</string>
			<key>path</key>
			<string>PancakeUITests.xctest</string>
			<key>sourceTree</key>
			<string>BUILT_PRODUCTS_DIR</string>
		</dict>
		<key>11A63C931C317E8F0010CCCB</key>
		<dict>
			<key>containerPortal</key>
			<string>11A63C681C317E8F0010CCCB</string>
			<key>isa</key>
			<string>PBXContainerItemProxy</string>
			<key>proxyType</key>
			<string>1</string>
			<key>remoteGlobalIDString</key>
			<string>11A63C6F1C317E8F0010CCCB</string>
			<key>remoteInfo</key>
			<string>Pancake</string>
		</dict>
		<key>11A63C941C317E8F0010CCCB</key>
		<dict>
			<key>isa</key>
			<string>PBXTargetDependency</string>
			<key>target</key>
			<string>11A63C6F1C317E8F0010CCCB</string>
			<key>targetProxy</key>
			<string>11A63C931C317E8F0010CCCB</string>
		</dict>
		<key>11A63C951C317E8F0010CCCB</key>
		<dict>
			<key>children</key>
			<array>
				<string>11A63C961C317E8F0010CCCB</string>
				<string>11A63C981C317E8F0010CCCB</string>
			</array>
			<key>isa</key>
			<string>PBXGroup</string>
			<key>path</key>
			<string>PancakeUITests</string>
			<key>sourceTree</key>
			<string>&lt;group&gt;</string>
		</dict>
		<key>11A63C961C317E8F0010CCCB</key>
		<dict>
			<key>isa</key>
			<string>PBXFileReference</string>
			<key>lastKnownFileType</key>
			<string>sourcecode.swift</string>
			<key>path</key>
			<string>PancakeUITests.swift</string>
			<key>sourceTree</key>
			<string>&lt;group&gt;</string>
		</dict>
		<key>11A63C971C317E8F0010CCCB</key>
		<dict>
			<key>fileRef</key>
			<string>11A63C961C317E8F0010CCCB</string>
			<key>isa</key>
			<string>PBXBuildFile</string>
		</dict>
		<key>11A63C981C317E8F0010CCCB</key>
		<dict>
			<key>isa</key>
			<string>PBXFileReference</string>
			<key>lastKnownFileType</key>
			<string>text.plist.xml</string>
			<key>path</key>
			<string>Info.plist</string>
			<key>sourceTree</key>
			<string>&lt;group&gt;</string>
		</dict>
		<key>11A63C991C317E8F0010CCCB</key>
		<dict>
			<key>buildSettings</key>
			<dict>
				<key>ALWAYS_SEARCH_USER_PATHS</key>
				<string>NO</string>
				<key>CLANG_CXX_LANGUAGE_STANDARD</key>
				<string>gnu++0x</string>
				<key>CLANG_CXX_LIBRARY</key>
				<string>libc++</string>
				<key>CLANG_ENABLE_MODULES</key>
				<string>YES</string>
				<key>CLANG_ENABLE_OBJC_ARC</key>
				<string>YES</string>
				<key>CLANG_WARN_BOOL_CONVERSION</key>
				<string>YES</string>
				<key>CLANG_WARN_CONSTANT_CONVERSION</key>
				<string>YES</string>
				<key>CLANG_WARN_DIRECT_OBJC_ISA_USAGE</key>
				<string>YES_ERROR</string>
				<key>CLANG_WARN_EMPTY_BODY</key>
				<string>YES</string>
				<key>CLANG_WARN_ENUM_CONVERSION</key>
				<string>YES</string>
				<key>CLANG_WARN_INT_CONVERSION</key>
				<string>YES</string>
				<key>CLANG_WARN_OBJC_ROOT_CLASS</key>
				<string>YES_ERROR</string>
				<key>CLANG_WARN_UNREACHABLE_CODE</key>
				<string>YES</string>
				<key>CLANG_WARN__DUPLICATE_METHOD_MATCH</key>
				<string>YES</string>
				<key>CODE_SIGN_IDENTITY[sdk=iphoneos*]</key>
				<string>iPhone Developer</string>
				<key>COPY_PHASE_STRIP</key>
				<string>NO</string>
				<key>DEBUG_INFORMATION_FORMAT</key>
				<string>dwarf</string>
				<key>EMBEDDED_CONTENT_CONTAINS_SWIFT</key>
				<string>NO</string>
				<key>ENABLE_STRICT_OBJC_MSGSEND</key>
				<string>YES</string>
				<key>ENABLE_TESTABILITY</key>
				<string>YES</string>
				<key>GCC_C_LANGUAGE_STANDARD</key>
				<string>gnu99</string>
				<key>GCC_DYNAMIC_NO_PIC</key>
				<string>NO</string>
				<key>GCC_NO_COMMON_BLOCKS</key>
				<string>YES</string>
				<key>GCC_OPTIMIZATION_LEVEL</key>
				<string>0</string>
				<key>GCC_PREPROCESSOR_DEFINITIONS</key>
				<array>
					<string>DEBUG=1</string>
					<string>$(inherited)</string>
				</array>
				<key>GCC_WARN_64_TO_32_BIT_CONVERSION</key>
				<string>YES</string>
				<key>GCC_WARN_ABOUT_RETURN_TYPE</key>
				<string>YES_ERROR</string>
				<key>GCC_WARN_UNDECLARED_SELECTOR</key>
				<string>YES</string>
				<key>GCC_WARN_UNINITIALIZED_AUTOS</key>
				<string>YES_AGGRESSIVE</string>
				<key>GCC_WARN_UNUSED_FUNCTION</key>
				<string>YES</string>
				<key>GCC_WARN_UNUSED_VARIABLE</key>
				<string>YES</string>
				<key>IPHONEOS_DEPLOYMENT_TARGET</key>
				<string>9.1</string>
				<key>MTL_ENABLE_DEBUG_INFO</key>
				<string>YES</string>
				<key>ONLY_ACTIVE_ARCH</key>
				<string>YES</string>
				<key>OTHER_LDFLAGS[arch=*]</key>
				<string>$(inherited)</string>
				<key>SDKROOT</key>
				<string>iphoneos</string>
				<key>SWIFT_OPTIMIZATION_LEVEL</key>
				<string>-Onone</string>
				<key>TARGETED_DEVICE_FAMILY</key>
				<string>1,2</string>
			</dict>
			<key>isa</key>
			<string>XCBuildConfiguration</string>
			<key>name</key>
			<string>Debug</string>
		</dict>
		<key>11A63C9A1C317E8F0010CCCB</key>
		<dict>
			<key>buildSettings</key>
			<dict>
				<key>ALWAYS_SEARCH_USER_PATHS</key>
				<string>NO</string>
				<key>CLANG_CXX_LANGUAGE_STANDARD</key>
				<string>gnu++0x</string>
				<key>CLANG_CXX_LIBRARY</key>
				<string>libc++</string>
				<key>CLANG_ENABLE_MODULES</key>
				<string>YES</string>
				<key>CLANG_ENABLE_OBJC_ARC</key>
				<string>YES</string>
				<key>CLANG_WARN_BOOL_CONVERSION</key>
				<string>YES</string>
				<key>CLANG_WARN_CONSTANT_CONVERSION</key>
				<string>YES</string>
				<key>CLANG_WARN_DIRECT_OBJC_ISA_USAGE</key>
				<string>YES_ERROR</string>
				<key>CLANG_WARN_EMPTY_BODY</key>
				<string>YES</string>
				<key>CLANG_WARN_ENUM_CONVERSION</key>
				<string>YES</string>
				<key>CLANG_WARN_INT_CONVERSION</key>
				<string>YES</string>
				<key>CLANG_WARN_OBJC_ROOT_CLASS</key>
				<string>YES_ERROR</string>
				<key>CLANG_WARN_UNREACHABLE_CODE</key>
				<string>YES</string>
				<key>CLANG_WARN__DUPLICATE_METHOD_MATCH</key>
				<string>YES</string>
				<key>CODE_SIGN_IDENTITY[sdk=iphoneos*]</key>
				<string>iPhone Developer</string>
				<key>COPY_PHASE_STRIP</key>
				<string>NO</string>
				<key>DEBUG_INFORMATION_FORMAT</key>
				<string>dwarf-with-dsym</string>
				<key>EMBEDDED_CONTENT_CONTAINS_SWIFT</key>
				<string>NO</string>
				<key>ENABLE_NS_ASSERTIONS</key>
				<string>NO</string>
				<key>ENABLE_STRICT_OBJC_MSGSEND</key>
				<string>YES</string>
				<key>GCC_C_LANGUAGE_STANDARD</key>
				<string>gnu99</string>
				<key>GCC_NO_COMMON_BLOCKS</key>
				<string>YES</string>
				<key>GCC_OPTIMIZATION_LEVEL</key>
				<string>0</string>
				<key>GCC_WARN_64_TO_32_BIT_CONVERSION</key>
				<string>YES</string>
				<key>GCC_WARN_ABOUT_RETURN_TYPE</key>
				<string>YES_ERROR</string>
				<key>GCC_WARN_UNDECLARED_SELECTOR</key>
				<string>YES</string>
				<key>GCC_WARN_UNINITIALIZED_AUTOS</key>
				<string>YES_AGGRESSIVE</string>
				<key>GCC_WARN_UNUSED_FUNCTION</key>
				<string>YES</string>
				<key>GCC_WARN_UNUSED_VARIABLE</key>
				<string>YES</string>
				<key>IPHONEOS_DEPLOYMENT_TARGET</key>
				<string>9.1</string>
				<key>MTL_ENABLE_DEBUG_INFO</key>
				<string>NO</string>
				<key>ONLY_ACTIVE_ARCH</key>
				<string>YES</string>
				<key>OTHER_LDFLAGS[arch=*]</key>
				<string>$(inherited)</string>
				<key>SDKROOT</key>
				<string>iphoneos</string>
				<key>TARGETED_DEVICE_FAMILY</key>
				<string>1,2</string>
				<key>VALIDATE_PRODUCT</key>
				<string>YES</string>
			</dict>
			<key>isa</key>
			<string>XCBuildConfiguration</string>
			<key>name</key>
			<string>Release</string>
		</dict>
		<key>11A63C9B1C317E8F0010CCCB</key>
		<dict>
			<key>buildConfigurations</key>
			<array>
				<string>11A63C9C1C317E8F0010CCCB</string>
				<string>11A63C9D1C317E8F0010CCCB</string>
			</array>
			<key>defaultConfigurationIsVisible</key>
			<string>0</string>
			<key>defaultConfigurationName</key>
			<string>Release</string>
			<key>isa</key>
			<string>XCConfigurationList</string>
		</dict>
		<key>11A63C9C1C317E8F0010CCCB</key>
		<dict>
			<key>baseConfigurationReference</key>
			<string>AB25A9DCD44713532EE09AA4</string>
			<key>buildSettings</key>
			<dict>
				<key>ASSETCATALOG_COMPILER_APPICON_NAME</key>
				<string>AppIcon</string>
				<key>CLANG_ENABLE_MODULES</key>
				<string>YES</string>
				<key>CODE_SIGN_IDENTITY</key>
				<string>iPhone Developer</string>
				<key>EMBEDDED_CONTENT_CONTAINS_SWIFT</key>
				<string>NO</string>
				<key>FRAMEWORK_SEARCH_PATHS</key>
				<array>
					<string>$(inherited)</string>
					<string>$(PROJECT_DIR)</string>
				</array>
				<key>INFOPLIST_FILE</key>
				<string>Pancake/Info.plist</string>
				<key>IPHONEOS_DEPLOYMENT_TARGET</key>
				<string>9.1</string>
				<key>LD_RUNPATH_SEARCH_PATHS</key>
				<string>$(inherited) @executable_path/Frameworks</string>
				<key>ONLY_ACTIVE_ARCH</key>
				<string>YES</string>
				<key>OTHER_LDFLAGS</key>
				<string>-ObjC</string>
				<key>PRODUCT_BUNDLE_IDENTIFIER</key>
				<string>com.nutdesigns.Pancake</string>
				<key>PRODUCT_NAME</key>
				<string>$(TARGET_NAME)</string>
				<key>SWIFT_OBJC_BRIDGING_HEADER</key>
				<string>Pancake/Pancake-Bridging-Header.h</string>
				<key>SWIFT_OPTIMIZATION_LEVEL</key>
				<string>-Onone</string>
			</dict>
			<key>isa</key>
			<string>XCBuildConfiguration</string>
			<key>name</key>
			<string>Debug</string>
		</dict>
		<key>11A63C9D1C317E8F0010CCCB</key>
		<dict>
			<key>baseConfigurationReference</key>
			<string>6968EF3100A6F1810E91CCB5</string>
			<key>buildSettings</key>
			<dict>
				<key>ASSETCATALOG_COMPILER_APPICON_NAME</key>
				<string>AppIcon</string>
				<key>CLANG_ENABLE_MODULES</key>
				<string>YES</string>
				<key>CODE_SIGN_IDENTITY</key>
				<string>iPhone Developer</string>
				<key>EMBEDDED_CONTENT_CONTAINS_SWIFT</key>
				<string>NO</string>
				<key>FRAMEWORK_SEARCH_PATHS</key>
				<array>
					<string>$(inherited)</string>
					<string>$(PROJECT_DIR)</string>
				</array>
				<key>INFOPLIST_FILE</key>
				<string>Pancake/Info.plist</string>
				<key>IPHONEOS_DEPLOYMENT_TARGET</key>
				<string>9.1</string>
				<key>LD_RUNPATH_SEARCH_PATHS</key>
				<string>$(inherited) @executable_path/Frameworks</string>
				<key>ONLY_ACTIVE_ARCH</key>
				<string>YES</string>
				<key>OTHER_LDFLAGS</key>
				<string>-ObjC</string>
				<key>PRODUCT_BUNDLE_IDENTIFIER</key>
				<string>com.nutdesigns.Pancake</string>
				<key>PRODUCT_NAME</key>
				<string>$(TARGET_NAME)</string>
				<key>SWIFT_OBJC_BRIDGING_HEADER</key>
				<string>Pancake/Pancake-Bridging-Header.h</string>
				<key>SWIFT_OPTIMIZATION_LEVEL</key>
				<string>-O</string>
			</dict>
			<key>isa</key>
			<string>XCBuildConfiguration</string>
			<key>name</key>
			<string>Release</string>
		</dict>
		<key>11A63C9E1C317E8F0010CCCB</key>
		<dict>
			<key>buildConfigurations</key>
			<array>
				<string>11A63C9F1C317E8F0010CCCB</string>
				<string>11A63CA01C317E8F0010CCCB</string>
			</array>
			<key>defaultConfigurationIsVisible</key>
			<string>0</string>
			<key>defaultConfigurationName</key>
			<string>Release</string>
			<key>isa</key>
			<string>XCConfigurationList</string>
		</dict>
		<key>11A63C9F1C317E8F0010CCCB</key>
		<dict>
			<key>buildSettings</key>
			<dict>
				<key>BUNDLE_LOADER</key>
				<string>$(TEST_HOST)</string>
				<key>INFOPLIST_FILE</key>
				<string>PancakeTests/Info.plist</string>
				<key>LD_RUNPATH_SEARCH_PATHS</key>
				<string>$(inherited) @executable_path/Frameworks @loader_path/Frameworks</string>
				<key>PRODUCT_BUNDLE_IDENTIFIER</key>
				<string>eu.rudyrosciglione.PancakeTests</string>
				<key>PRODUCT_NAME</key>
				<string>$(TARGET_NAME)</string>
				<key>TEST_HOST</key>
				<string>$(BUILT_PRODUCTS_DIR)/Pancake.app/Pancake</string>
			</dict>
			<key>isa</key>
			<string>XCBuildConfiguration</string>
			<key>name</key>
			<string>Debug</string>
		</dict>
		<key>11A63CA01C317E8F0010CCCB</key>
		<dict>
			<key>buildSettings</key>
			<dict>
				<key>BUNDLE_LOADER</key>
				<string>$(TEST_HOST)</string>
				<key>INFOPLIST_FILE</key>
				<string>PancakeTests/Info.plist</string>
				<key>LD_RUNPATH_SEARCH_PATHS</key>
				<string>$(inherited) @executable_path/Frameworks @loader_path/Frameworks</string>
				<key>PRODUCT_BUNDLE_IDENTIFIER</key>
				<string>eu.rudyrosciglione.PancakeTests</string>
				<key>PRODUCT_NAME</key>
				<string>$(TARGET_NAME)</string>
				<key>TEST_HOST</key>
				<string>$(BUILT_PRODUCTS_DIR)/Pancake.app/Pancake</string>
			</dict>
			<key>isa</key>
			<string>XCBuildConfiguration</string>
			<key>name</key>
			<string>Release</string>
		</dict>
		<key>11A63CA11C317E8F0010CCCB</key>
		<dict>
			<key>buildConfigurations</key>
			<array>
				<string>11A63CA21C317E8F0010CCCB</string>
				<string>11A63CA31C317E8F0010CCCB</string>
			</array>
			<key>defaultConfigurationIsVisible</key>
			<string>0</string>
			<key>defaultConfigurationName</key>
			<string>Release</string>
			<key>isa</key>
			<string>XCConfigurationList</string>
		</dict>
		<key>11A63CA21C317E8F0010CCCB</key>
		<dict>
			<key>buildSettings</key>
			<dict>
				<key>INFOPLIST_FILE</key>
				<string>PancakeUITests/Info.plist</string>
				<key>LD_RUNPATH_SEARCH_PATHS</key>
				<string>$(inherited) @executable_path/Frameworks @loader_path/Frameworks</string>
				<key>PRODUCT_BUNDLE_IDENTIFIER</key>
				<string>eu.rudyrosciglione.PancakeUITests</string>
				<key>PRODUCT_NAME</key>
				<string>$(TARGET_NAME)</string>
				<key>TEST_TARGET_NAME</key>
				<string>Pancake</string>
				<key>USES_XCTRUNNER</key>
				<string>YES</string>
			</dict>
			<key>isa</key>
			<string>XCBuildConfiguration</string>
			<key>name</key>
			<string>Debug</string>
		</dict>
		<key>11A63CA31C317E8F0010CCCB</key>
		<dict>
			<key>buildSettings</key>
			<dict>
				<key>INFOPLIST_FILE</key>
				<string>PancakeUITests/Info.plist</string>
				<key>LD_RUNPATH_SEARCH_PATHS</key>
				<string>$(inherited) @executable_path/Frameworks @loader_path/Frameworks</string>
				<key>PRODUCT_BUNDLE_IDENTIFIER</key>
				<string>eu.rudyrosciglione.PancakeUITests</string>
				<key>PRODUCT_NAME</key>
				<string>$(TARGET_NAME)</string>
				<key>TEST_TARGET_NAME</key>
				<string>Pancake</string>
				<key>USES_XCTRUNNER</key>
				<string>YES</string>
			</dict>
			<key>isa</key>
			<string>XCBuildConfiguration</string>
			<key>name</key>
			<string>Release</string>
		</dict>
		<key>11A63CA41C317EA00010CCCB</key>
		<dict>
			<key>children</key>
			<array>
				<string>E749EF731CE23B8B00ACB625</string>
				<string>E7F3964B1C8A87530072F2AC</string>
				<string>E79511A01C8A4CD900ECA35B</string>
				<string>E795119E1C88679C00ECA35B</string>
				<string>11A63CA71C317F280010CCCB</string>
				<string>797BBC44128E92AF735F7079</string>
			</array>
			<key>isa</key>
			<string>PBXGroup</string>
			<key>name</key>
			<string>Frameworks</string>
			<key>sourceTree</key>
			<string>&lt;group&gt;</string>
		</dict>
		<key>11A63CA71C317F280010CCCB</key>
		<dict>
			<key>isa</key>
			<string>PBXFileReference</string>
			<key>lastKnownFileType</key>
			<string>wrapper.framework</string>
			<key>name</key>
			<string>AVFoundation.framework</string>
			<key>path</key>
			<string>System/Library/Frameworks/AVFoundation.framework</string>
			<key>sourceTree</key>
			<string>SDKROOT</string>
		</dict>
		<key>11A63CA81C317F280010CCCB</key>
		<dict>
			<key>fileRef</key>
			<string>11A63CA71C317F280010CCCB</string>
			<key>isa</key>
			<string>PBXBuildFile</string>
		</dict>
		<key>11A63CA91C3180560010CCCB</key>
		<dict>
			<key>isa</key>
			<string>PBXFileReference</string>
			<key>lastKnownFileType</key>
			<string>sourcecode.c.h</string>
			<key>path</key>
			<string>Pancake-Bridging-Header.h</string>
			<key>sourceTree</key>
			<string>&lt;group&gt;</string>
		</dict>
		<key>11A63CAD1C3181B80010CCCB</key>
		<dict>
			<key>fileEncoding</key>
			<string>4</string>
			<key>isa</key>
			<string>PBXFileReference</string>
			<key>lastKnownFileType</key>
			<string>sourcecode.swift</string>
			<key>path</key>
			<string>LoginViewController.swift</string>
			<key>sourceTree</key>
			<string>&lt;group&gt;</string>
		</dict>
		<key>11A63CAE1C3181B80010CCCB</key>
		<dict>
			<key>fileRef</key>
			<string>11A63CAD1C3181B80010CCCB</string>
			<key>isa</key>
			<string>PBXBuildFile</string>
		</dict>
		<key>11A71D071C3D216D00E2AD88</key>
		<dict>
			<key>isa</key>
			<string>PBXFileReference</string>
			<key>lastKnownFileType</key>
			<string>file.playground</string>
			<key>name</key>
			<string>pancakeSintaxPlayground.playground</string>
			<key>path</key>
			<string>Pancake/pancakeSintaxPlayground.playground</string>
			<key>sourceTree</key>
			<string>&lt;group&gt;</string>
		</dict>
		<key>11A71D081C3D22AB00E2AD88</key>
		<dict>
			<key>children</key>
			<array>
				<string>11A71D071C3D216D00E2AD88</string>
			</array>
			<key>isa</key>
			<string>PBXGroup</string>
			<key>name</key>
			<string>Playgrounds</string>
			<key>sourceTree</key>
			<string>&lt;group&gt;</string>
		</dict>
		<key>11C844391C450E5800557CBA</key>
		<dict>
			<key>fileEncoding</key>
			<string>4</string>
			<key>isa</key>
			<string>PBXFileReference</string>
			<key>lastKnownFileType</key>
			<string>sourcecode.swift</string>
			<key>path</key>
			<string>AlarmsTableViewController.swift</string>
			<key>sourceTree</key>
			<string>&lt;group&gt;</string>
		</dict>
		<key>11C8443A1C450E5800557CBA</key>
		<dict>
			<key>fileRef</key>
			<string>11C844391C450E5800557CBA</string>
			<key>isa</key>
			<string>PBXBuildFile</string>
		</dict>
		<key>11C8443B1C450E8C00557CBA</key>
		<dict>
			<key>fileEncoding</key>
			<string>4</string>
			<key>isa</key>
			<string>PBXFileReference</string>
			<key>lastKnownFileType</key>
			<string>sourcecode.swift</string>
			<key>path</key>
			<string>CreateNewViewController.swift</string>
			<key>sourceTree</key>
			<string>&lt;group&gt;</string>
		</dict>
		<key>11C8443C1C450E8C00557CBA</key>
		<dict>
			<key>fileRef</key>
			<string>11C8443B1C450E8C00557CBA</string>
			<key>isa</key>
			<string>PBXBuildFile</string>
		</dict>
		<key>11F167201C32DB6F0033D1E3</key>
		<dict>
			<key>children</key>
			<array>
				<string>11F167211C32DB6F0033D1E3</string>
				<string>11F167221C32DB6F0033D1E3</string>
				<string>11F167231C32DB6F0033D1E3</string>
				<string>11F167241C32DB6F0033D1E3</string>
				<string>11F167251C32DB6F0033D1E3</string>
				<string>11F167261C32DB6F0033D1E3</string>
				<string>11F167271C32DB6F0033D1E3</string>
				<string>11F167281C32DB6F0033D1E3</string>
				<string>11F167291C32DB6F0033D1E3</string>
				<string>11F1672A1C32DB6F0033D1E3</string>
				<string>11F1672B1C32DB6F0033D1E3</string>
				<string>11F1672C1C32DB6F0033D1E3</string>
				<string>11F1672D1C32DB6F0033D1E3</string>
				<string>11F1672E1C32DB6F0033D1E3</string>
				<string>11F1672F1C32DB6F0033D1E3</string>
				<string>11F167301C32DB6F0033D1E3</string>
				<string>11F167311C32DB6F0033D1E3</string>
				<string>11F167321C32DB6F0033D1E3</string>
				<string>11F167331C32DB6F0033D1E3</string>
				<string>11F167341C32DB6F0033D1E3</string>
				<string>11F167351C32DB6F0033D1E3</string>
				<string>11F167361C32DB6F0033D1E3</string>
				<string>11F167371C32DB6F0033D1E3</string>
				<string>11F167381C32DB6F0033D1E3</string>
				<string>11F167391C32DB6F0033D1E3</string>
				<string>11F1673A1C32DB6F0033D1E3</string>
				<string>11F1673B1C32DB6F0033D1E3</string>
				<string>11F1673C1C32DB6F0033D1E3</string>
				<string>11F1673D1C32DB6F0033D1E3</string>
				<string>11F1673E1C32DB6F0033D1E3</string>
			</array>
			<key>isa</key>
			<string>PBXGroup</string>
			<key>path</key>
			<string>Spring</string>
			<key>sourceTree</key>
			<string>&lt;group&gt;</string>
		</dict>
		<key>11F167211C32DB6F0033D1E3</key>
		<dict>
			<key>fileEncoding</key>
			<string>4</string>
			<key>isa</key>
			<string>PBXFileReference</string>
			<key>lastKnownFileType</key>
			<string>sourcecode.swift</string>
			<key>path</key>
			<string>AsyncButton.swift</string>
			<key>sourceTree</key>
			<string>&lt;group&gt;</string>
		</dict>
		<key>11F167221C32DB6F0033D1E3</key>
		<dict>
			<key>fileEncoding</key>
			<string>4</string>
			<key>isa</key>
			<string>PBXFileReference</string>
			<key>lastKnownFileType</key>
			<string>sourcecode.swift</string>
			<key>path</key>
			<string>AsyncImageView.swift</string>
			<key>sourceTree</key>
			<string>&lt;group&gt;</string>
		</dict>
		<key>11F167231C32DB6F0033D1E3</key>
		<dict>
			<key>fileEncoding</key>
			<string>4</string>
			<key>isa</key>
			<string>PBXFileReference</string>
			<key>lastKnownFileType</key>
			<string>sourcecode.swift</string>
			<key>path</key>
			<string>AutoTextView.swift</string>
			<key>sourceTree</key>
			<string>&lt;group&gt;</string>
		</dict>
		<key>11F167241C32DB6F0033D1E3</key>
		<dict>
			<key>fileEncoding</key>
			<string>4</string>
			<key>isa</key>
			<string>PBXFileReference</string>
			<key>lastKnownFileType</key>
			<string>sourcecode.swift</string>
			<key>path</key>
			<string>BlurView.swift</string>
			<key>sourceTree</key>
			<string>&lt;group&gt;</string>
		</dict>
		<key>11F167251C32DB6F0033D1E3</key>
		<dict>
			<key>fileEncoding</key>
			<string>4</string>
			<key>isa</key>
			<string>PBXFileReference</string>
			<key>lastKnownFileType</key>
			<string>sourcecode.swift</string>
			<key>path</key>
			<string>DesignableButton.swift</string>
			<key>sourceTree</key>
			<string>&lt;group&gt;</string>
		</dict>
		<key>11F167261C32DB6F0033D1E3</key>
		<dict>
			<key>fileEncoding</key>
			<string>4</string>
			<key>isa</key>
			<string>PBXFileReference</string>
			<key>lastKnownFileType</key>
			<string>sourcecode.swift</string>
			<key>path</key>
			<string>DesignableImageView.swift</string>
			<key>sourceTree</key>
			<string>&lt;group&gt;</string>
		</dict>
		<key>11F167271C32DB6F0033D1E3</key>
		<dict>
			<key>fileEncoding</key>
			<string>4</string>
			<key>isa</key>
			<string>PBXFileReference</string>
			<key>lastKnownFileType</key>
			<string>sourcecode.swift</string>
			<key>path</key>
			<string>DesignableLabel.swift</string>
			<key>sourceTree</key>
			<string>&lt;group&gt;</string>
		</dict>
		<key>11F167281C32DB6F0033D1E3</key>
		<dict>
			<key>fileEncoding</key>
			<string>4</string>
			<key>isa</key>
			<string>PBXFileReference</string>
			<key>lastKnownFileType</key>
			<string>sourcecode.swift</string>
			<key>path</key>
			<string>DesignableTabBarController.swift</string>
			<key>sourceTree</key>
			<string>&lt;group&gt;</string>
		</dict>
		<key>11F167291C32DB6F0033D1E3</key>
		<dict>
			<key>fileEncoding</key>
			<string>4</string>
			<key>isa</key>
			<string>PBXFileReference</string>
			<key>lastKnownFileType</key>
			<string>sourcecode.swift</string>
			<key>path</key>
			<string>DesignableTextField.swift</string>
			<key>sourceTree</key>
			<string>&lt;group&gt;</string>
		</dict>
		<key>11F1672A1C32DB6F0033D1E3</key>
		<dict>
			<key>fileEncoding</key>
			<string>4</string>
			<key>isa</key>
			<string>PBXFileReference</string>
			<key>lastKnownFileType</key>
			<string>sourcecode.swift</string>
			<key>path</key>
			<string>DesignableTextView.swift</string>
			<key>sourceTree</key>
			<string>&lt;group&gt;</string>
		</dict>
		<key>11F1672B1C32DB6F0033D1E3</key>
		<dict>
			<key>fileEncoding</key>
			<string>4</string>
			<key>isa</key>
			<string>PBXFileReference</string>
			<key>lastKnownFileType</key>
			<string>sourcecode.swift</string>
			<key>path</key>
			<string>DesignableView.swift</string>
			<key>sourceTree</key>
			<string>&lt;group&gt;</string>
		</dict>
		<key>11F1672C1C32DB6F0033D1E3</key>
		<dict>
			<key>fileEncoding</key>
			<string>4</string>
			<key>isa</key>
			<string>PBXFileReference</string>
			<key>lastKnownFileType</key>
			<string>sourcecode.swift</string>
			<key>path</key>
			<string>ImageLoader.swift</string>
			<key>sourceTree</key>
			<string>&lt;group&gt;</string>
		</dict>
		<key>11F1672D1C32DB6F0033D1E3</key>
		<dict>
			<key>fileEncoding</key>
			<string>4</string>
			<key>isa</key>
			<string>PBXFileReference</string>
			<key>lastKnownFileType</key>
			<string>text.plist.xml</string>
			<key>path</key>
			<string>Info.plist</string>
			<key>sourceTree</key>
			<string>&lt;group&gt;</string>
		</dict>
		<key>11F1672E1C32DB6F0033D1E3</key>
		<dict>
			<key>fileEncoding</key>
			<string>4</string>
			<key>isa</key>
			<string>PBXFileReference</string>
			<key>lastKnownFileType</key>
			<string>sourcecode.swift</string>
			<key>path</key>
			<string>KeyboardLayoutConstraint.swift</string>
			<key>sourceTree</key>
			<string>&lt;group&gt;</string>
		</dict>
		<key>11F1672F1C32DB6F0033D1E3</key>
		<dict>
			<key>fileEncoding</key>
			<string>4</string>
			<key>isa</key>
			<string>PBXFileReference</string>
			<key>lastKnownFileType</key>
			<string>sourcecode.swift</string>
			<key>path</key>
			<string>LoadingView.swift</string>
			<key>sourceTree</key>
			<string>&lt;group&gt;</string>
		</dict>
		<key>11F167301C32DB6F0033D1E3</key>
		<dict>
			<key>fileEncoding</key>
			<string>4</string>
			<key>isa</key>
			<string>PBXFileReference</string>
			<key>lastKnownFileType</key>
			<string>file.xib</string>
			<key>path</key>
			<string>LoadingView.xib</string>
			<key>sourceTree</key>
			<string>&lt;group&gt;</string>
		</dict>
		<key>11F167311C32DB6F0033D1E3</key>
		<dict>
			<key>fileEncoding</key>
			<string>4</string>
			<key>isa</key>
			<string>PBXFileReference</string>
			<key>lastKnownFileType</key>
			<string>sourcecode.swift</string>
			<key>path</key>
			<string>Misc.swift</string>
			<key>sourceTree</key>
			<string>&lt;group&gt;</string>
		</dict>
		<key>11F167321C32DB6F0033D1E3</key>
		<dict>
			<key>fileEncoding</key>
			<string>4</string>
			<key>isa</key>
			<string>PBXFileReference</string>
			<key>lastKnownFileType</key>
			<string>sourcecode.swift</string>
			<key>path</key>
			<string>SoundPlayer.swift</string>
			<key>sourceTree</key>
			<string>&lt;group&gt;</string>
		</dict>
		<key>11F167331C32DB6F0033D1E3</key>
		<dict>
			<key>fileEncoding</key>
			<string>4</string>
			<key>isa</key>
			<string>PBXFileReference</string>
			<key>lastKnownFileType</key>
			<string>sourcecode.c.h</string>
			<key>path</key>
			<string>Spring.h</string>
			<key>sourceTree</key>
			<string>&lt;group&gt;</string>
		</dict>
		<key>11F167341C32DB6F0033D1E3</key>
		<dict>
			<key>fileEncoding</key>
			<string>4</string>
			<key>isa</key>
			<string>PBXFileReference</string>
			<key>lastKnownFileType</key>
			<string>sourcecode.swift</string>
			<key>path</key>
			<string>Spring.swift</string>
			<key>sourceTree</key>
			<string>&lt;group&gt;</string>
		</dict>
		<key>11F167351C32DB6F0033D1E3</key>
		<dict>
			<key>fileEncoding</key>
			<string>4</string>
			<key>isa</key>
			<string>PBXFileReference</string>
			<key>lastKnownFileType</key>
			<string>sourcecode.swift</string>
			<key>path</key>
			<string>SpringAnimation.swift</string>
			<key>sourceTree</key>
			<string>&lt;group&gt;</string>
		</dict>
		<key>11F167361C32DB6F0033D1E3</key>
		<dict>
			<key>fileEncoding</key>
			<string>4</string>
			<key>isa</key>
			<string>PBXFileReference</string>
			<key>lastKnownFileType</key>
			<string>sourcecode.swift</string>
			<key>path</key>
			<string>SpringButton.swift</string>
			<key>sourceTree</key>
			<string>&lt;group&gt;</string>
		</dict>
		<key>11F167371C32DB6F0033D1E3</key>
		<dict>
			<key>fileEncoding</key>
			<string>4</string>
			<key>isa</key>
			<string>PBXFileReference</string>
			<key>lastKnownFileType</key>
			<string>sourcecode.swift</string>
			<key>path</key>
			<string>SpringImageView.swift</string>
			<key>sourceTree</key>
			<string>&lt;group&gt;</string>
		</dict>
		<key>11F167381C32DB6F0033D1E3</key>
		<dict>
			<key>fileEncoding</key>
			<string>4</string>
			<key>isa</key>
			<string>PBXFileReference</string>
			<key>lastKnownFileType</key>
			<string>sourcecode.swift</string>
			<key>path</key>
			<string>SpringLabel.swift</string>
			<key>sourceTree</key>
			<string>&lt;group&gt;</string>
		</dict>
		<key>11F167391C32DB6F0033D1E3</key>
		<dict>
			<key>fileEncoding</key>
			<string>4</string>
			<key>isa</key>
			<string>PBXFileReference</string>
			<key>lastKnownFileType</key>
			<string>sourcecode.swift</string>
			<key>path</key>
			<string>SpringTextField.swift</string>
			<key>sourceTree</key>
			<string>&lt;group&gt;</string>
		</dict>
		<key>11F1673A1C32DB6F0033D1E3</key>
		<dict>
			<key>fileEncoding</key>
			<string>4</string>
			<key>isa</key>
			<string>PBXFileReference</string>
			<key>lastKnownFileType</key>
			<string>sourcecode.swift</string>
			<key>path</key>
			<string>SpringTextView.swift</string>
			<key>sourceTree</key>
			<string>&lt;group&gt;</string>
		</dict>
		<key>11F1673B1C32DB6F0033D1E3</key>
		<dict>
			<key>fileEncoding</key>
			<string>4</string>
			<key>isa</key>
			<string>PBXFileReference</string>
			<key>lastKnownFileType</key>
			<string>sourcecode.swift</string>
			<key>path</key>
			<string>SpringView.swift</string>
			<key>sourceTree</key>
			<string>&lt;group&gt;</string>
		</dict>
		<key>11F1673C1C32DB6F0033D1E3</key>
		<dict>
			<key>fileEncoding</key>
			<string>4</string>
			<key>isa</key>
			<string>PBXFileReference</string>
			<key>lastKnownFileType</key>
			<string>sourcecode.swift</string>
			<key>path</key>
			<string>TransitionManager.swift</string>
			<key>sourceTree</key>
			<string>&lt;group&gt;</string>
		</dict>
		<key>11F1673D1C32DB6F0033D1E3</key>
		<dict>
			<key>fileEncoding</key>
			<string>4</string>
			<key>isa</key>
			<string>PBXFileReference</string>
			<key>lastKnownFileType</key>
			<string>sourcecode.swift</string>
			<key>path</key>
			<string>TransitionZoom.swift</string>
			<key>sourceTree</key>
			<string>&lt;group&gt;</string>
		</dict>
		<key>11F1673E1C32DB6F0033D1E3</key>
		<dict>
			<key>fileEncoding</key>
			<string>4</string>
			<key>isa</key>
			<string>PBXFileReference</string>
			<key>lastKnownFileType</key>
			<string>sourcecode.swift</string>
			<key>path</key>
			<string>UnwindSegue.swift</string>
			<key>sourceTree</key>
			<string>&lt;group&gt;</string>
		</dict>
		<key>11F1673F1C32DB6F0033D1E3</key>
		<dict>
			<key>fileRef</key>
			<string>11F167211C32DB6F0033D1E3</string>
			<key>isa</key>
			<string>PBXBuildFile</string>
		</dict>
		<key>11F167401C32DB6F0033D1E3</key>
		<dict>
			<key>fileRef</key>
			<string>11F167221C32DB6F0033D1E3</string>
			<key>isa</key>
			<string>PBXBuildFile</string>
		</dict>
		<key>11F167411C32DB6F0033D1E3</key>
		<dict>
			<key>fileRef</key>
			<string>11F167231C32DB6F0033D1E3</string>
			<key>isa</key>
			<string>PBXBuildFile</string>
		</dict>
		<key>11F167421C32DB6F0033D1E3</key>
		<dict>
			<key>fileRef</key>
			<string>11F167241C32DB6F0033D1E3</string>
			<key>isa</key>
			<string>PBXBuildFile</string>
		</dict>
		<key>11F167431C32DB6F0033D1E3</key>
		<dict>
			<key>fileRef</key>
			<string>11F167251C32DB6F0033D1E3</string>
			<key>isa</key>
			<string>PBXBuildFile</string>
		</dict>
		<key>11F167441C32DB6F0033D1E3</key>
		<dict>
			<key>fileRef</key>
			<string>11F167261C32DB6F0033D1E3</string>
			<key>isa</key>
			<string>PBXBuildFile</string>
		</dict>
		<key>11F167451C32DB6F0033D1E3</key>
		<dict>
			<key>fileRef</key>
			<string>11F167271C32DB6F0033D1E3</string>
			<key>isa</key>
			<string>PBXBuildFile</string>
		</dict>
		<key>11F167461C32DB6F0033D1E3</key>
		<dict>
			<key>fileRef</key>
			<string>11F167281C32DB6F0033D1E3</string>
			<key>isa</key>
			<string>PBXBuildFile</string>
		</dict>
		<key>11F167471C32DB6F0033D1E3</key>
		<dict>
			<key>fileRef</key>
			<string>11F167291C32DB6F0033D1E3</string>
			<key>isa</key>
			<string>PBXBuildFile</string>
		</dict>
		<key>11F167481C32DB6F0033D1E3</key>
		<dict>
			<key>fileRef</key>
			<string>11F1672A1C32DB6F0033D1E3</string>
			<key>isa</key>
			<string>PBXBuildFile</string>
		</dict>
		<key>11F167491C32DB6F0033D1E3</key>
		<dict>
			<key>fileRef</key>
			<string>11F1672B1C32DB6F0033D1E3</string>
			<key>isa</key>
			<string>PBXBuildFile</string>
		</dict>
		<key>11F1674A1C32DB6F0033D1E3</key>
		<dict>
			<key>fileRef</key>
			<string>11F1672C1C32DB6F0033D1E3</string>
			<key>isa</key>
			<string>PBXBuildFile</string>
		</dict>
		<key>11F1674B1C32DB6F0033D1E3</key>
		<dict>
			<key>fileRef</key>
			<string>11F1672D1C32DB6F0033D1E3</string>
			<key>isa</key>
			<string>PBXBuildFile</string>
		</dict>
		<key>11F1674C1C32DB6F0033D1E3</key>
		<dict>
			<key>fileRef</key>
			<string>11F1672E1C32DB6F0033D1E3</string>
			<key>isa</key>
			<string>PBXBuildFile</string>
		</dict>
		<key>11F1674D1C32DB6F0033D1E3</key>
		<dict>
			<key>fileRef</key>
			<string>11F1672F1C32DB6F0033D1E3</string>
			<key>isa</key>
			<string>PBXBuildFile</string>
		</dict>
		<key>11F1674E1C32DB6F0033D1E3</key>
		<dict>
			<key>fileRef</key>
			<string>11F167301C32DB6F0033D1E3</string>
			<key>isa</key>
			<string>PBXBuildFile</string>
		</dict>
		<key>11F1674F1C32DB6F0033D1E3</key>
		<dict>
			<key>fileRef</key>
			<string>11F167311C32DB6F0033D1E3</string>
			<key>isa</key>
			<string>PBXBuildFile</string>
		</dict>
		<key>11F167501C32DB6F0033D1E3</key>
		<dict>
			<key>fileRef</key>
			<string>11F167321C32DB6F0033D1E3</string>
			<key>isa</key>
			<string>PBXBuildFile</string>
		</dict>
		<key>11F167511C32DB6F0033D1E3</key>
		<dict>
			<key>fileRef</key>
			<string>11F167341C32DB6F0033D1E3</string>
			<key>isa</key>
			<string>PBXBuildFile</string>
		</dict>
		<key>11F167521C32DB6F0033D1E3</key>
		<dict>
			<key>fileRef</key>
			<string>11F167351C32DB6F0033D1E3</string>
			<key>isa</key>
			<string>PBXBuildFile</string>
		</dict>
		<key>11F167531C32DB6F0033D1E3</key>
		<dict>
			<key>fileRef</key>
			<string>11F167361C32DB6F0033D1E3</string>
			<key>isa</key>
			<string>PBXBuildFile</string>
		</dict>
		<key>11F167541C32DB6F0033D1E3</key>
		<dict>
			<key>fileRef</key>
			<string>11F167371C32DB6F0033D1E3</string>
			<key>isa</key>
			<string>PBXBuildFile</string>
		</dict>
		<key>11F167551C32DB6F0033D1E3</key>
		<dict>
			<key>fileRef</key>
			<string>11F167381C32DB6F0033D1E3</string>
			<key>isa</key>
			<string>PBXBuildFile</string>
		</dict>
		<key>11F167561C32DB6F0033D1E3</key>
		<dict>
			<key>fileRef</key>
			<string>11F167391C32DB6F0033D1E3</string>
			<key>isa</key>
			<string>PBXBuildFile</string>
		</dict>
		<key>11F167571C32DB6F0033D1E3</key>
		<dict>
			<key>fileRef</key>
			<string>11F1673A1C32DB6F0033D1E3</string>
			<key>isa</key>
			<string>PBXBuildFile</string>
		</dict>
		<key>11F167581C32DB6F0033D1E3</key>
		<dict>
			<key>fileRef</key>
			<string>11F1673B1C32DB6F0033D1E3</string>
			<key>isa</key>
			<string>PBXBuildFile</string>
		</dict>
		<key>11F167591C32DB6F0033D1E3</key>
		<dict>
			<key>fileRef</key>
			<string>11F1673C1C32DB6F0033D1E3</string>
			<key>isa</key>
			<string>PBXBuildFile</string>
		</dict>
		<key>11F1675A1C32DB6F0033D1E3</key>
		<dict>
			<key>fileRef</key>
			<string>11F1673D1C32DB6F0033D1E3</string>
			<key>isa</key>
			<string>PBXBuildFile</string>
		</dict>
		<key>11F1675B1C32DB6F0033D1E3</key>
		<dict>
			<key>fileRef</key>
			<string>11F1673E1C32DB6F0033D1E3</string>
			<key>isa</key>
			<string>PBXBuildFile</string>
		</dict>
		<key>6968EF3100A6F1810E91CCB5</key>
		<dict>
			<key>includeInIndex</key>
			<string>1</string>
			<key>isa</key>
			<string>PBXFileReference</string>
			<key>lastKnownFileType</key>
			<string>text.xcconfig</string>
			<key>name</key>
			<string>Pods-Pancake.release.xcconfig</string>
			<key>path</key>
			<string>Pods/Target Support Files/Pods-Pancake/Pods-Pancake.release.xcconfig</string>
			<key>sourceTree</key>
			<string>&lt;group&gt;</string>
		</dict>
		<key>6AC09D9EA3E896BCC5A90B21</key>
		<dict>
			<key>fileRef</key>
			<string>797BBC44128E92AF735F7079</string>
			<key>isa</key>
			<string>PBXBuildFile</string>
		</dict>
		<key>79427DDB9AA36B9DFE8785DC</key>
		<dict>
			<key>children</key>
			<array>
				<string>AB25A9DCD44713532EE09AA4</string>
				<string>6968EF3100A6F1810E91CCB5</string>
			</array>
			<key>isa</key>
			<string>PBXGroup</string>
			<key>name</key>
			<string>Pods</string>
			<key>sourceTree</key>
			<string>&lt;group&gt;</string>
		</dict>
		<key>797BBC44128E92AF735F7079</key>
		<dict>
			<key>explicitFileType</key>
			<string>wrapper.framework</string>
			<key>includeInIndex</key>
			<string>0</string>
			<key>isa</key>
			<string>PBXFileReference</string>
			<key>path</key>
			<string>Pods_Pancake.framework</string>
			<key>sourceTree</key>
			<string>BUILT_PRODUCTS_DIR</string>
		</dict>
		<key>88DC944246F02E9A47F9ABC7</key>
		<dict>
			<key>buildActionMask</key>
			<string>2147483647</string>
			<key>files</key>
			<array/>
			<key>inputPaths</key>
			<array/>
			<key>isa</key>
			<string>PBXShellScriptBuildPhase</string>
			<key>name</key>
			<string>Copy Pods Resources</string>
			<key>outputPaths</key>
			<array/>
			<key>runOnlyForDeploymentPostprocessing</key>
			<string>0</string>
			<key>shellPath</key>
			<string>/bin/sh</string>
			<key>shellScript</key>
			<string>"${SRCROOT}/Pods/Target Support Files/Pods-Pancake/Pods-Pancake-resources.sh"
</string>
			<key>showEnvVarsInLog</key>
			<string>0</string>
		</dict>
		<key>AB25A9DCD44713532EE09AA4</key>
		<dict>
			<key>includeInIndex</key>
			<string>1</string>
			<key>isa</key>
			<string>PBXFileReference</string>
			<key>lastKnownFileType</key>
			<string>text.xcconfig</string>
			<key>name</key>
			<string>Pods-Pancake.debug.xcconfig</string>
			<key>path</key>
			<string>Pods/Target Support Files/Pods-Pancake/Pods-Pancake.debug.xcconfig</string>
			<key>sourceTree</key>
			<string>&lt;group&gt;</string>
		</dict>
		<key>C9A04E662D19BAD25A0F3469</key>
		<dict>
			<key>buildActionMask</key>
			<string>2147483647</string>
			<key>files</key>
			<array/>
			<key>inputPaths</key>
			<array/>
			<key>isa</key>
			<string>PBXShellScriptBuildPhase</string>
			<key>name</key>
			<string>Check Pods Manifest.lock</string>
			<key>outputPaths</key>
			<array/>
			<key>runOnlyForDeploymentPostprocessing</key>
			<string>0</string>
			<key>shellPath</key>
			<string>/bin/sh</string>
			<key>shellScript</key>
			<string>diff "${PODS_ROOT}/../Podfile.lock" "${PODS_ROOT}/Manifest.lock" &gt; /dev/null
if [[ $? != 0 ]] ; then
    cat &lt;&lt; EOM
error: The sandbox is not in sync with the Podfile.lock. Run 'pod install' or update your CocoaPods installation.
EOM
    exit 1
fi
</string>
			<key>showEnvVarsInLog</key>
			<string>0</string>
		</dict>
		<key>E72265DE1C584E3200056729</key>
		<dict>
			<key>fileEncoding</key>
			<string>4</string>
			<key>isa</key>
			<string>PBXFileReference</string>
			<key>lastKnownFileType</key>
			<string>sourcecode.swift</string>
			<key>path</key>
			<string>PhotoLibraryViewController.swift</string>
			<key>sourceTree</key>
			<string>&lt;group&gt;</string>
		</dict>
		<key>E72265DF1C584E3200056729</key>
		<dict>
			<key>fileRef</key>
			<string>E72265DE1C584E3200056729</string>
			<key>isa</key>
			<string>PBXBuildFile</string>
		</dict>
		<key>E724D7731CBD316A0053DDAB</key>
		<dict>
			<key>fileEncoding</key>
			<string>4</string>
			<key>isa</key>
			<string>PBXFileReference</string>
			<key>lastKnownFileType</key>
			<string>sourcecode.swift</string>
			<key>path</key>
			<string>SpotifyPlaylistCellCollectionViewCell.swift</string>
			<key>sourceTree</key>
			<string>&lt;group&gt;</string>
		</dict>
		<key>E724D7741CBD316A0053DDAB</key>
		<dict>
			<key>fileRef</key>
			<string>E724D7731CBD316A0053DDAB</string>
			<key>isa</key>
			<string>PBXBuildFile</string>
		</dict>
		<key>E724D7751CBD317E0053DDAB</key>
		<dict>
			<key>fileEncoding</key>
			<string>4</string>
			<key>isa</key>
			<string>PBXFileReference</string>
			<key>lastKnownFileType</key>
			<string>sourcecode.swift</string>
			<key>path</key>
			<string>SpotifyPlaylistCollectionViewController.swift</string>
			<key>sourceTree</key>
			<string>&lt;group&gt;</string>
		</dict>
		<key>E724D7761CBD317E0053DDAB</key>
		<dict>
			<key>fileRef</key>
			<string>E724D7751CBD317E0053DDAB</string>
			<key>isa</key>
			<string>PBXBuildFile</string>
		</dict>
		<key>E72D5F241C545F1E00F97FDB</key>
		<dict>
			<key>fileEncoding</key>
			<string>4</string>
			<key>isa</key>
			<string>PBXFileReference</string>
			<key>lastKnownFileType</key>
			<string>sourcecode.swift</string>
			<key>path</key>
			<string>JSSAlertView.swift</string>
			<key>sourceTree</key>
			<string>&lt;group&gt;</string>
		</dict>
		<key>E72D5F251C545F1E00F97FDB</key>
		<dict>
			<key>fileRef</key>
			<string>E72D5F241C545F1E00F97FDB</string>
			<key>isa</key>
			<string>PBXBuildFile</string>
		</dict>
		<key>E72D5F261C545F2D00F97FDB</key>
		<dict>
			<key>children</key>
			<array>
				<string>E75ADFEB1CBFE563003C7FA2</string>
				<string>E75ADFEC1CBFE563003C7FA2</string>
				<string>E72D5F241C545F1E00F97FDB</string>
				<string>E795119C1C88673D00ECA35B</string>
				<string>E7CD4CB41C59E83C00D4255E</string>
				<string>E79511981C88670B00ECA35B</string>
			</array>
			<key>isa</key>
			<string>PBXGroup</string>
			<key>name</key>
			<string>Tools</string>
			<key>sourceTree</key>
			<string>&lt;group&gt;</string>
		</dict>
		<key>E72E9A6B1C8B3A0D00FEF199</key>
		<dict>
			<key>fileRef</key>
			<string>E79511A01C8A4CD900ECA35B</string>
			<key>isa</key>
			<string>PBXBuildFile</string>
		</dict>
		<key>E749EF731CE23B8B00ACB625</key>
		<dict>
			<key>isa</key>
			<string>PBXFileReference</string>
			<key>lastKnownFileType</key>
			<string>wrapper.framework</string>
			<key>path</key>
			<string>Spotify.framework</string>
			<key>sourceTree</key>
			<string>&lt;group&gt;</string>
		</dict>
		<key>E749EF741CE23B8B00ACB625</key>
		<dict>
			<key>fileRef</key>
			<string>E749EF731CE23B8B00ACB625</string>
			<key>isa</key>
			<string>PBXBuildFile</string>
		</dict>
		<key>E75ADFEB1CBFE563003C7FA2</key>
		<dict>
			<key>fileEncoding</key>
			<string>4</string>
			<key>isa</key>
			<string>PBXFileReference</string>
			<key>lastKnownFileType</key>
			<string>sourcecode.c.h</string>
			<key>path</key>
			<string>MBProgressHUD.h</string>
			<key>sourceTree</key>
			<string>&lt;group&gt;</string>
		</dict>
		<key>E75ADFEC1CBFE563003C7FA2</key>
		<dict>
			<key>fileEncoding</key>
			<string>4</string>
			<key>isa</key>
			<string>PBXFileReference</string>
			<key>lastKnownFileType</key>
			<string>sourcecode.c.objc</string>
			<key>path</key>
			<string>MBProgressHUD.m</string>
			<key>sourceTree</key>
			<string>&lt;group&gt;</string>
		</dict>
		<key>E75ADFED1CBFE563003C7FA2</key>
		<dict>
			<key>fileRef</key>
			<string>E75ADFEC1CBFE563003C7FA2</string>
			<key>isa</key>
			<string>PBXBuildFile</string>
		</dict>
		<key>E765A5711C62D323000AF222</key>
		<dict>
			<key>isa</key>
			<string>PBXFileReference</string>
			<key>lastKnownFileType</key>
			<string>wrapper.xcdatamodel</string>
			<key>path</key>
			<string>Pancake 2.xcdatamodel</string>
			<key>sourceTree</key>
			<string>&lt;group&gt;</string>
		</dict>
		<key>E765A5721C62F6A5000AF222</key>
		<dict>
			<key>children</key>
			<array>
				<string>11A63C771C317E8F0010CCCB</string>
				<string>E7B013C91C6055BB0084ECAA</string>
				<string>11A63C7F1C317E8F0010CCCB</string>
			</array>
			<key>isa</key>
			<string>PBXGroup</string>
			<key>name</key>
			<string>User Interface</string>
			<key>sourceTree</key>
			<string>&lt;group&gt;</string>
		</dict>
		<key>E765A5731C62F700000AF222</key>
		<dict>
			<key>children</key>
			<array>
				<string>E7B013C51C6051B10084ECAA</string>
				<string>E724D7731CBD316A0053DDAB</string>
				<string>E7B013CB1C6058680084ECAA</string>
			</array>
			<key>isa</key>
			<string>PBXGroup</string>
			<key>name</key>
			<string>Custom Classes</string>
			<key>sourceTree</key>
			<string>&lt;group&gt;</string>
		</dict>
		<key>E78553411C558AB2007C5343</key>
		<dict>
			<key>fileEncoding</key>
			<string>4</string>
			<key>isa</key>
			<string>PBXFileReference</string>
			<key>lastKnownFileType</key>
			<string>sourcecode.swift</string>
			<key>path</key>
			<string>TimeSelectorViewController.swift</string>
			<key>sourceTree</key>
			<string>&lt;group&gt;</string>
		</dict>
		<key>E78553421C558AB2007C5343</key>
		<dict>
			<key>fileRef</key>
			<string>E78553411C558AB2007C5343</string>
			<key>isa</key>
			<string>PBXBuildFile</string>
		</dict>
		<key>E79511981C88670B00ECA35B</key>
		<dict>
			<key>children</key>
			<array>
				<string>E79511991C88672800ECA35B</string>
				<string>E795119A1C88672800ECA35B</string>
			</array>
			<key>isa</key>
			<string>PBXGroup</string>
			<key>name</key>
			<string>DeepSleep</string>
			<key>sourceTree</key>
			<string>&lt;group&gt;</string>
		</dict>
		<key>E79511991C88672800ECA35B</key>
		<dict>
			<key>fileEncoding</key>
			<string>4</string>
			<key>isa</key>
			<string>PBXFileReference</string>
			<key>lastKnownFileType</key>
			<string>sourcecode.c.h</string>
			<key>path</key>
			<string>MMPDeepSleepPreventer.h</string>
			<key>sourceTree</key>
			<string>&lt;group&gt;</string>
		</dict>
		<key>E795119A1C88672800ECA35B</key>
		<dict>
			<key>fileEncoding</key>
			<string>4</string>
			<key>isa</key>
			<string>PBXFileReference</string>
			<key>lastKnownFileType</key>
			<string>sourcecode.c.objc</string>
			<key>path</key>
			<string>MMPDeepSleepPreventer.m</string>
			<key>sourceTree</key>
			<string>&lt;group&gt;</string>
		</dict>
		<key>E795119B1C88672800ECA35B</key>
		<dict>
			<key>fileRef</key>
			<string>E795119A1C88672800ECA35B</string>
			<key>isa</key>
			<string>PBXBuildFile</string>
		</dict>
		<key>E795119C1C88673D00ECA35B</key>
		<dict>
			<key>isa</key>
			<string>PBXFileReference</string>
			<key>lastKnownFileType</key>
			<string>audio.wav</string>
			<key>path</key>
			<string>MMPSilence.wav</string>
			<key>sourceTree</key>
			<string>&lt;group&gt;</string>
		</dict>
		<key>E795119D1C88673D00ECA35B</key>
		<dict>
			<key>fileRef</key>
			<string>E795119C1C88673D00ECA35B</string>
			<key>isa</key>
			<string>PBXBuildFile</string>
		</dict>
		<key>E795119E1C88679C00ECA35B</key>
		<dict>
			<key>isa</key>
			<string>PBXFileReference</string>
			<key>lastKnownFileType</key>
			<string>wrapper.framework</string>
			<key>name</key>
			<string>AudioToolbox.framework</string>
			<key>path</key>
			<string>System/Library/Frameworks/AudioToolbox.framework</string>
			<key>sourceTree</key>
			<string>SDKROOT</string>
		</dict>
		<key>E795119F1C88679C00ECA35B</key>
		<dict>
			<key>fileRef</key>
			<string>E795119E1C88679C00ECA35B</string>
			<key>isa</key>
			<string>PBXBuildFile</string>
		</dict>
		<key>E79511A01C8A4CD900ECA35B</key>
		<dict>
			<key>isa</key>
			<string>PBXFileReference</string>
			<key>lastKnownFileType</key>
			<string>wrapper.framework</string>
			<key>name</key>
			<string>SystemConfiguration.framework</string>
			<key>path</key>
			<string>System/Library/Frameworks/SystemConfiguration.framework</string>
			<key>sourceTree</key>
			<string>SDKROOT</string>
		</dict>
		<key>E7B013C51C6051B10084ECAA</key>
		<dict>
			<key>fileEncoding</key>
			<string>4</string>
			<key>isa</key>
			<string>PBXFileReference</string>
			<key>lastKnownFileType</key>
			<string>sourcecode.swift</string>
			<key>name</key>
			<string>Alarm.swift</string>
			<key>path</key>
			<string>../Alarm.swift</string>
			<key>sourceTree</key>
			<string>&lt;group&gt;</string>
		</dict>
		<key>E7B013C61C6051B10084ECAA</key>
		<dict>
			<key>fileRef</key>
			<string>E7B013C51C6051B10084ECAA</string>
			<key>isa</key>
			<string>PBXBuildFile</string>
		</dict>
		<key>E7B013C91C6055BB0084ECAA</key>
		<dict>
			<key>fileEncoding</key>
			<string>4</string>
			<key>isa</key>
			<string>PBXFileReference</string>
			<key>lastKnownFileType</key>
			<string>file.xib</string>
			<key>path</key>
			<string>AlarmTableViewCell.xib</string>
			<key>sourceTree</key>
			<string>&lt;group&gt;</string>
		</dict>
		<key>E7B013CA1C6055BB0084ECAA</key>
		<dict>
			<key>fileRef</key>
			<string>E7B013C91C6055BB0084ECAA</string>
			<key>isa</key>
			<string>PBXBuildFile</string>
		</dict>
		<key>E7B013CB1C6058680084ECAA</key>
		<dict>
			<key>fileEncoding</key>
			<string>4</string>
			<key>isa</key>
			<string>PBXFileReference</string>
			<key>lastKnownFileType</key>
			<string>sourcecode.swift</string>
			<key>path</key>
			<string>AlarmTableViewCell.swift</string>
			<key>sourceTree</key>
			<string>&lt;group&gt;</string>
		</dict>
		<key>E7B013CC1C6058680084ECAA</key>
		<dict>
			<key>fileRef</key>
			<string>E7B013CB1C6058680084ECAA</string>
			<key>isa</key>
			<string>PBXBuildFile</string>
		</dict>
		<key>E7CD4CB11C59E77800D4255E</key>
		<dict>
			<key>fileEncoding</key>
			<string>4</string>
			<key>isa</key>
			<string>PBXFileReference</string>
			<key>lastKnownFileType</key>
			<string>sourcecode.c.h</string>
			<key>path</key>
			<string>UIScrollView+EmptyDataSet.h</string>
			<key>sourceTree</key>
			<string>&lt;group&gt;</string>
		</dict>
		<key>E7CD4CB21C59E77800D4255E</key>
		<dict>
			<key>fileEncoding</key>
			<string>4</string>
			<key>isa</key>
			<string>PBXFileReference</string>
			<key>lastKnownFileType</key>
			<string>sourcecode.c.objc</string>
			<key>path</key>
			<string>UIScrollView+EmptyDataSet.m</string>
			<key>sourceTree</key>
			<string>&lt;group&gt;</string>
		</dict>
		<key>E7CD4CB31C59E77800D4255E</key>
		<dict>
			<key>fileRef</key>
			<string>E7CD4CB21C59E77800D4255E</string>
			<key>isa</key>
			<string>PBXBuildFile</string>
		</dict>
		<key>E7CD4CB41C59E83C00D4255E</key>
		<dict>
			<key>children</key>
			<array>
				<string>E7CD4CB11C59E77800D4255E</string>
				<string>E7CD4CB21C59E77800D4255E</string>
			</array>
			<key>isa</key>
			<string>PBXGroup</string>
			<key>name</key>
			<string>DZNEmptyDataSet</string>
			<key>sourceTree</key>
			<string>&lt;group&gt;</string>
		</dict>
		<key>E7DCE9641C983E4F009F79BF</key>
		<dict>
			<key>fileEncoding</key>
			<string>4</string>
			<key>isa</key>
			<string>PBXFileReference</string>
			<key>lastKnownFileType</key>
			<string>sourcecode.swift</string>
			<key>name</key>
			<string>MainPageViewController.swift</string>
			<key>path</key>
			<string>Assets.xcassets/MainPageViewController.swift</string>
			<key>sourceTree</key>
			<string>&lt;group&gt;</string>
		</dict>
		<key>E7DCE9651C983E4F009F79BF</key>
		<dict>
			<key>fileRef</key>
			<string>E7DCE9641C983E4F009F79BF</string>
			<key>isa</key>
			<string>PBXBuildFile</string>
		</dict>
		<key>E7F3964B1C8A87530072F2AC</key>
		<dict>
			<key>isa</key>
			<string>PBXFileReference</string>
			<key>lastKnownFileType</key>
			<string>wrapper.framework</string>
			<key>name</key>
			<string>MediaPlayer.framework</string>
			<key>path</key>
			<string>System/Library/Frameworks/MediaPlayer.framework</string>
			<key>sourceTree</key>
			<string>SDKROOT</string>
		</dict>
		<key>EBB7F0472711D53CBAF97EE1</key>
		<dict>
			<key>buildActionMask</key>
			<string>2147483647</string>
			<key>files</key>
			<array/>
			<key>inputPaths</key>
			<array/>
			<key>isa</key>
			<string>PBXShellScriptBuildPhase</string>
			<key>name</key>
			<string>Embed Pods Frameworks</string>
			<key>outputPaths</key>
			<array/>
			<key>runOnlyForDeploymentPostprocessing</key>
			<string>0</string>
			<key>shellPath</key>
			<string>/bin/sh</string>
			<key>shellScript</key>
			<string>"${SRCROOT}/Pods/Target Support Files/Pods-Pancake/Pods-Pancake-frameworks.sh"
</string>
			<key>showEnvVarsInLog</key>
			<string>0</string>
		</dict>
	</dict>
	<key>rootObject</key>
	<string>11A63C681C317E8F0010CCCB</string>
</dict>
</plist>
